{
  "name": "3js",
  "version": "1.0.0",
  "lockfileVersion": 1,
  "requires": true,
  "dependencies": {
    "@googlemaps/three": {
      "version": "4.0.9",
      "resolved": "https://registry.npmjs.org/@googlemaps/three/-/three-4.0.9.tgz",
      "integrity": "sha512-Yoxj76uPokmxg9ljlqnseJxrdG3rXFMJvzq/Tict4E/k+9zjV84b1fINz5ZfxEwQQuRy27RJz0CWrkYZVIR0sA=="
    },
    "three": {
      "version": "0.144.0",
      "resolved": "https://registry.npmjs.org/three/-/three-0.144.0.tgz",
      "integrity": "sha512-R8AXPuqfjfRJKkYoTQcTK7A6i3AdO9++2n8ubya/GTU+fEHhYKu1ZooRSCPkx69jbnzT7dD/xEo6eROQTt2lJw=="
    }
  }
}
